
Microsoft Visual Studio Solution File, Format Version 12.00
# Visual Studio Version 17
VisualStudioVersion = 17.6.33712.159
MinimumVisualStudioVersion = 10.0.40219.1
Project("{8BC9CEB8-8B4A-11D0-8D11-00A0C91BC942}") = "MapGenerator", "MapGenerator.vcxproj", "{F27C0DE2-8C49-461A-A4CC-47FEB95A3686}"
EndProject
Global
	GlobalSection(SolutionConfigurationPlatforms) = preSolution
		Debug|x64 = Debug|x64
		Debug|x86 = Debug|x86
		Release|x64 = Release|x64
		Release|x86 = Release|x86
	EndGlobalSection
	GlobalSection(ProjectConfigurationPlatforms) = postSolution
		{F27C0DE2-8C49-461A-A4CC-47FEB95A3686}.Debug|x64.ActiveCfg = Debug|x64
		{F27C0DE2-8C49-461A-A4CC-47FEB95A3686}.Debug|x64.Build.0 = Debug|x64
		{F27C0DE2-8C49-461A-A4CC-47FEB95A3686}.Debug|x86.ActiveCfg = Debug|Win32
		{F27C0DE2-8C49-461A-A4CC-47FEB95A3686}.Debug|x86.Build.0 = Debug|Win32
		{F27C0DE2-8C49-461A-A4CC-47FEB95A3686}.Release|x64.ActiveCfg = Release|x64
		{F27C0DE2-8C49-461A-A4CC-47FEB95A3686}.Release|x64.Build.0 = Release|x64
		{F27C0DE2-8C49-461A-A4CC-47FEB95A3686}.Release|x86.ActiveCfg = Release|Win32
		{F27C0DE2-8C49-461A-A4CC-47FEB95A3686}.Release|x86.Build.0 = Release|Win32
	EndGlobalSection
	GlobalSection(SolutionProperties) = preSolution
		HideSolutionNode = FALSE
	EndGlobalSection
	GlobalSection(ExtensibilityGlobals) = postSolution
		SolutionGuid = {5D30EE5A-7E73-4CC3-B409-F9D868A182AD}
	EndGlobalSection
EndGlobal
